// !$*UTF8*$!
{
	archiveVersion = 1;
	classes = {
	};
	objectVersion = 46;
	objects = {

/* Begin PBXBuildFile section */
		92C063501AE88B84002391B9 /* main.m in Sources */ = {isa = PBXBuildFile; fileRef = 92C0634F1AE88B84002391B9 /* main.m */; };
		92C063531AE88B84002391B9 /* AppDelegate.m in Sources */ = {isa = PBXBuildFile; fileRef = 92C063521AE88B84002391B9 /* AppDelegate.m */; };
		92C063561AE88B84002391B9 /* ViewController.m in Sources */ = {isa = PBXBuildFile; fileRef = 92C063551AE88B84002391B9 /* ViewController.m */; };
		92C063591AE88B84002391B9 /* Main.storyboard in Resources */ = {isa = PBXBuildFile; fileRef = 92C063571AE88B84002391B9 /* Main.storyboard */; };
		92C0635B1AE88B84002391B9 /* Images.xcassets in Resources */ = {isa = PBXBuildFile; fileRef = 92C0635A1AE88B84002391B9 /* Images.xcassets */; };
		92C0635E1AE88B84002391B9 /* LaunchScreen.xib in Resources */ = {isa = PBXBuildFile; fileRef = 92C0635C1AE88B84002391B9 /* LaunchScreen.xib */; };
		92C0636A1AE88B85002391B9 /* LearnGitTests.m in Sources */ = {isa = PBXBuildFile; fileRef = 92C063691AE88B85002391B9 /* LearnGitTests.m */; };
/* End PBXBuildFile section */

/* Begin PBXContainerItemProxy section */
		92C063641AE88B85002391B9 /* PBXContainerItemProxy */ = {
			isa = PBXContainerItemProxy;
			containerPortal = 92C063421AE88B84002391B9 /* Project object */;
			proxyType = 1;
			remoteGlobalIDString = 92C063491AE88B84002391B9;
			remoteInfo = LearnGit;
		};
/* End PBXContainerItemProxy section */

/* Begin PBXFileReference section */
		92C0634A1AE88B84002391B9 /* LearnGit.app */ = {isa = PBXFileReference; explicitFileType = wrapper.application; includeInIndex = 0; path = LearnGit.app; sourceTree = BUILT_PRODUCTS_DIR; };
		92C0634E1AE88B84002391B9 /* Info.plist */ = {isa = PBXFileReference; lastKnownFileType = text.plist.xml; path = Info.plist; sourceTree = "<group>"; };
		92C0634F1AE88B84002391B9 /* main.m */ = {isa = PBXFileReference; lastKnownFileType = sourcecode.c.objc; path = main.m; sourceTree = "<group>"; };
		92C063511AE88B84002391B9 /* AppDelegate.h */ = {isa = PBXFileReference; lastKnownFileType = sourcecode.c.h; path = AppDelegate.h; sourceTree = "<group>"; };
		92C063521AE88B84002391B9 /* AppDelegate.m */ = {isa = PBXFileReference; lastKnownFileType = sourcecode.c.objc; path = AppDelegate.m; sourceTree = "<group>"; };
		92C063541AE88B84002391B9 /* ViewController.h */ = {isa = PBXFileReference; lastKnownFileType = sourcecode.c.h; path = ViewController.h; sourceTree = "<group>"; };
		92C063551AE88B84002391B9 /* ViewController.m */ = {isa = PBXFileReference; lastKnownFileType = sourcecode.c.objc; path = ViewController.m; sourceTree = "<group>"; };
		92C063581AE88B84002391B9 /* Base */ = {isa = PBXFileReference; lastKnownFileType = file.storyboard; name = Base; path = Base.lproj/Main.storyboard; sourceTree = "<group>"; };
		92C0635A1AE88B84002391B9 /* Images.xcassets */ = {isa = PBXFileReference; lastKnownFileType = folder.assetcatalog; path = Images.xcassets; sourceTree = "<group>"; };
		92C0635D1AE88B84002391B9 /* Base */ = {isa = PBXFileReference; lastKnownFileType = file.xib; name = Base; path = Base.lproj/LaunchScreen.xib; sourceTree = "<group>"; };
		92C063631AE88B85002391B9 /* LearnGitTests.xctest */ = {isa = PBXFileReference; explicitFileType = wrapper.cfbundle; includeInIndex = 0; path = LearnGitTests.xctest; sourceTree = BUILT_PRODUCTS_DIR; };
		92C063681AE88B85002391B9 /* Info.plist */ = {isa = PBXFileReference; lastKnownFileType = text.plist.xml; path = Info.plist; sourceTree = "<group>"; };
		92C063691AE88B85002391B9 /* LearnGitTests.m */ = {isa = PBXFileReference; lastKnownFileType = sourcecode.c.objc; path = LearnGitTests.m; sourceTree = "<group>"; };
/* End PBXFileReference section */

/* Begin PBXFrameworksBuildPhase section */
		92C063471AE88B84002391B9 /* Frameworks */ = {
			isa = PBXFrameworksBuildPhase;
			buildActionMask = 2147483647;
			files = (
			);
			runOnlyForDeploymentPostprocessing = 0;
		};
		92C063601AE88B85002391B9 /* Frameworks */ = {
			isa = PBXFrameworksBuildPhase;
			buildActionMask = 2147483647;
			files = (
			);
			runOnlyForDeploymentPostprocessing = 0;
		};
/* End PBXFrameworksBuildPhase section */

/* Begin PBXGroup section */
		92C063411AE88B84002391B9 = {
			isa = PBXGroup;
			children = (
				92C0634C1AE88B84002391B9 /* LearnGit */,
				92C063661AE88B85002391B9 /* LearnGitTests */,
				92C0634B1AE88B84002391B9 /* Products */,
			);
			sourceTree = "<group>";
		};
		92C0634B1AE88B84002391B9 /* Products */ = {
			isa = PBXGroup;
			children = (
				92C0634A1AE88B84002391B9 /* LearnGit.app */,
				92C063631AE88B85002391B9 /* LearnGitTests.xctest */,
			);
			name = Products;
			sourceTree = "<group>";
		};
		92C0634C1AE88B84002391B9 /* LearnGit */ = {
			isa = PBXGroup;
			children = (
				92C063511AE88B84002391B9 /* AppDelegate.h */,
				92C063521AE88B84002391B9 /* AppDelegate.m */,
				92C063541AE88B84002391B9 /* ViewController.h */,
				92C063551AE88B84002391B9 /* ViewController.m */,
				92C063571AE88B84002391B9 /* Main.storyboard */,
				92C0635A1AE88B84002391B9 /* Images.xcassets */,
				92C0635C1AE88B84002391B9 /* LaunchScreen.xib */,
				92C0634D1AE88B84002391B9 /* Supporting Files */,
			);
			path = LearnGit;
			sourceTree = "<group>";
		};
		92C0634D1AE88B84002391B9 /* Supporting Files */ = {
			isa = PBXGroup;
			children = (
				92C0634E1AE88B84002391B9 /* Info.plist */,
				92C0634F1AE88B84002391B9 /* main.m */,
			);
			name = "Supporting Files";
			sourceTree = "<group>";
		};
		92C063661AE88B85002391B9 /* LearnGitTests */ = {
			isa = PBXGroup;
			children = (
				92C063691AE88B85002391B9 /* LearnGitTests.m */,
				92C063671AE88B85002391B9 /* Supporting Files */,
			);
			path = LearnGitTests;
			sourceTree = "<group>";
		};
		92C063671AE88B85002391B9 /* Supporting Files */ = {
			isa = PBXGroup;
			children = (
				92C063681AE88B85002391B9 /* Info.plist */,
			);
			name = "Supporting Files";
			sourceTree = "<group>";
		};
/* End PBXGroup section */

/* Begin PBXNativeTarget section */
		92C063491AE88B84002391B9 /* LearnGit */ = {
			isa = PBXNativeTarget;
			buildConfigurationList = 92C0636D1AE88B85002391B9 /* Build configuration list for PBXNativeTarget "LearnGit" */;
			buildPhases = (
				92C063461AE88B84002391B9 /* Sources */,
				92C063471AE88B84002391B9 /* Frameworks */,
				92C063481AE88B84002391B9 /* Resources */,
			);
			buildRules = (
			);
			dependencies = (
			);
			name = LearnGit;
			productName = LearnGit;
			productReference = 92C0634A1AE88B84002391B9 /* LearnGit.app */;
			productType = "com.apple.product-type.application";
		};
		92C063621AE88B85002391B9 /* LearnGitTests */ = {
			isa = PBXNativeTarget;
			buildConfigurationList = 92C063701AE88B85002391B9 /* Build configuration list for PBXNativeTarget "LearnGitTests" */;
			buildPhases = (
				92C0635F1AE88B85002391B9 /* Sources */,
				92C063601AE88B85002391B9 /* Frameworks */,
				92C063611AE88B85002391B9 /* Resources */,
			);
			buildRules = (
			);
			dependencies = (
				92C063651AE88B85002391B9 /* PBXTargetDependency */,
			);
			name = LearnGitTests;
			productName = LearnGitTests;
			productReference = 92C063631AE88B85002391B9 /* LearnGitTests.xctest */;
			productType = "com.apple.product-type.bundle.unit-test";
		};
/* End PBXNativeTarget section */

/* Begin PBXProject section */
		92C063421AE88B84002391B9 /* Project object */ = {
			isa = PBXProject;
			attributes = {
				LastUpgradeCheck = 0630;
				ORGANIZATIONNAME = edeng;
				TargetAttributes = {
					92C063491AE88B84002391B9 = {
						CreatedOnToolsVersion = 6.3;
					};
					92C063621AE88B85002391B9 = {
						CreatedOnToolsVersion = 6.3;
						TestTargetID = 92C063491AE88B84002391B9;
					};
				};
			};
			buildConfigurationList = 92C063451AE88B84002391B9 /* Build configuration list for PBXProject "LearnGit" */;
			compatibilityVersion = "Xcode 3.2";
			developmentRegion = English;
			hasScannedForEncodings = 0;
			knownRegions = (
				en,
				Base,
			);
			mainGroup = 92C063411AE88B84002391B9;
			productRefGroup = 92C0634B1AE88B84002391B9 /* Products */;
			projectDirPath = "";
			projectRoot = "";
			targets = (
				92C063491AE88B84002391B9 /* LearnGit */,
				92C063621AE88B85002391B9 /* LearnGitTests */,
			);
		};
/* End PBXProject section */

/* Begin PBXResourcesBuildPhase section */
		92C063481AE88B84002391B9 /* Resources */ = {
			isa = PBXResourcesBuildPhase;
			buildActionMask = 2147483647;
			files = (
				92C063591AE88B84002391B9 /* Main.storyboard in Resources */,
				92C0635E1AE88B84002391B9 /* LaunchScreen.xib in Resources */,
				92C0635B1AE88B84002391B9 /* Images.xcassets in Resources */,
			);
			runOnlyForDeploymentPostprocessing = 0;
		};
		92C063611AE88B85002391B9 /* Resources */ = {
			isa = PBXResourcesBuildPhase;
			buildActionMask = 2147483647;
			files = (
			);
			runOnlyForDeploymentPostprocessing = 0;
		};
/* End PBXResourcesBuildPhase section */

/* Begin PBXSourcesBuildPhase section */
		92C063461AE88B84002391B9 /* Sources */ = {
			isa = PBXSourcesBuildPhase;
			buildActionMask = 2147483647;
			files = (
				92C063561AE88B84002391B9 /* ViewController.m in Sources */,
				92C063531AE88B84002391B9 /* AppDelegate.m in Sources */,
				92C063501AE88B84002391B9 /* main.m in Sources */,
			);
			runOnlyForDeploymentPostprocessing = 0;
		};
		92C0635F1AE88B85002391B9 /* Sources */ = {
			isa = PBXSourcesBuildPhase;
			buildActionMask = 2147483647;
			files = (
				92C0636A1AE88B85002391B9 /* LearnGitTests.m in Sources */,
			);
			runOnlyForDeploymentPostprocessing = 0;
		};
/* End PBXSourcesBuildPhase section */

/* Begin PBXTargetDependency section */
		92C063651AE88B85002391B9 /* PBXTargetDependency */ = {
			isa = PBXTargetDependency;
			target = 92C063491AE88B84002391B9 /* LearnGit */;
			targetProxy = 92C063641AE88B85002391B9 /* PBXContainerItemProxy */;
		};
/* End PBXTargetDependency section */

/* Begin PBXVariantGroup section */
		92C063571AE88B84002391B9 /* Main.storyboard */ = {
			isa = PBXVariantGroup;
			children = (
				92C063581AE88B84002391B9 /* Base */,
			);
			name = Main.storyboard;
			sourceTree = "<group>";
		};
		92C0635C1AE88B84002391B9 /* LaunchScreen.xib */ = {
			isa = PBXVariantGroup;
			children = (
				92C0635D1AE88B84002391B9 /* Base */,
			);
			name = LaunchScreen.xib;
			sourceTree = "<group>";
		};
/* End PBXVariantGroup section */

/* Begin XCBuildConfiguration section */
		92C0636B1AE88B85002391B9 /* Debug */ = {
			isa = XCBuildConfiguration;
			buildSettings = {
				ALWAYS_SEARCH_USER_PATHS = NO;
				CLANG_CXX_LANGUAGE_STANDARD = "gnu++0x";
				CLANG_CXX_LIBRARY = "libc++";
				CLANG_ENABLE_MODULES = YES;
				CLANG_ENABLE_OBJC_ARC = YES;
				CLANG_WARN_BOOL_CONVERSION = YES;
				CLANG_WARN_CONSTANT_CONVERSION = YES;
				CLANG_WARN_DIRECT_OBJC_ISA_USAGE = YES_ERROR;
				CLANG_WARN_EMPTY_BODY = YES;
				CLANG_WARN_ENUM_CONVERSION = YES;
				CLANG_WARN_INT_CONVERSION = YES;
				CLANG_WARN_OBJC_ROOT_CLASS = YES_ERROR;
				CLANG_WARN_UNREACHABLE_CODE = YES;
				CLANG_WARN__DUPLICATE_METHOD_MATCH = YES;
				"CODE_SIGN_IDENTITY[sdk=iphoneos*]" = "iPhone Developer";
				COPY_PHASE_STRIP = NO;
				DEBUG_INFORMATION_FORMAT = "dwarf-with-dsym";
				ENABLE_STRICT_OBJC_MSGSEND = YES;
				GCC_C_LANGUAGE_STANDARD = gnu99;
				GCC_DYNAMIC_NO_PIC = NO;
				GCC_NO_COMMON_BLOCKS = YES;
				GCC_OPTIMIZATION_LEVEL = 0;
				GCC_PREPROCESSOR_DEFINITIONS = (
					"DEBUG=1",
					"$(inherited)",
				);
				GCC_SYMBOLS_PRIVATE_EXTERN = NO;
				GCC_WARN_64_TO_32_BIT_CONVERSION = YES;
				GCC_WARN_ABOUT_RETURN_TYPE = YES_ERROR;
				GCC_WARN_UNDECLARED_SELECTOR = YES;
				GCC_WARN_UNINITIALIZED_AUTOS = YES_AGGRESSIVE;
				GCC_WARN_UNUSED_FUNCTION = YES;
				GCC_WARN_UNUSED_VARIABLE = YES;
				IPHONEOS_DEPLOYMENT_TARGET = 7.0;
				MTL_ENABLE_DEBUG_INFO = YES;
				ONLY_ACTIVE_ARCH = YES;
				SDKROOT = iphoneos;
			};
			name = Debug;
		};
		92C0636C1AE88B85002391B9 /* Release */ = {
			isa = XCBuildConfiguration;
			buildSettings = {
				ALWAYS_SEARCH_USER_PATHS = NO;
				CLANG_CXX_LANGUAGE_STANDARD = "gnu++0x";
				CLANG_CXX_LIBRARY = "libc++";
				CLANG_ENABLE_MODULES = YES;
				CLANG_ENABLE_OBJC_ARC = YES;
				CLANG_WARN_BOOL_CONVERSION = YES;
				CLANG_WARN_CONSTANT_CONVERSION = YES;
				CLANG_WARN_DIRECT_OBJC_ISA_USAGE = YES_ERROR;
				CLANG_WARN_EMPTY_BODY = YES;
				CLANG_WARN_ENUM_CONVERSION = YES;
				CLANG_WARN_INT_CONVERSION = YES;
				CLANG_WARN_OBJC_ROOT_CLASS = YES_ERROR;
				CLANG_WARN_UNREACHABLE_CODE = YES;
				CLANG_WARN__DUPLICATE_METHOD_MATCH = YES;
				"CODE_SIGN_IDENTITY[sdk=iphoneos*]" = "iPhone Developer";
				COPY_PHASE_STRIP = NO;
				DEBUG_INFORMATION_FORMAT = "dwarf-with-dsym";
				ENABLE_NS_ASSERTIONS = NO;
				ENABLE_STRICT_OBJC_MSGSEND = YES;
				GCC_C_LANGUAGE_STANDARD = gnu99;
				GCC_NO_COMMON_BLOCKS = YES;
				GCC_WARN_64_TO_32_BIT_CONVERSION = YES;
				GCC_WARN_ABOUT_RETURN_TYPE = YES_ERROR;
				GCC_WARN_UNDECLARED_SELECTOR = YES;
				GCC_WARN_UNINITIALIZED_AUTOS = YES_AGGRESSIVE;
				GCC_WARN_UNUSED_FUNCTION = YES;
				GCC_WARN_UNUSED_VARIABLE = YES;
				IPHONEOS_DEPLOYMENT_TARGET = 7.0;
				MTL_ENABLE_DEBUG_INFO = NO;
				SDKROOT = iphoneos;
				VALIDATE_PRODUCT = YES;
			};
			name = Release;
		};
		92C0636E1AE88B85002391B9 /* Debug */ = {
			isa = XCBuildConfiguration;
			buildSettings = {
				ASSETCATALOG_COMPILER_APPICON_NAME = AppIcon;
				INFOPLIST_FILE = LearnGit/Info.plist;
				IPHONEOS_DEPLOYMENT_TARGET = 7.0;
				LD_RUNPATH_SEARCH_PATHS = "$(inherited) @executable_path/Frameworks";
				PRODUCT_NAME = "$(TARGET_NAME)";
			};
			name = Debug;
		};
		92C0636F1AE88B85002391B9 /* Release */ = {
			isa = XCBuildConfiguration;
			buildSettings = {
				ASSETCATALOG_COMPILER_APPICON_NAME = AppIcon;
				INFOPLIST_FILE = LearnGit/Info.plist;
				IPHONEOS_DEPLOYMENT_TARGET = 7.0;
				LD_RUNPATH_SEARCH_PATHS = "$(inherited) @executable_path/Frameworks";
				PRODUCT_NAME = "$(TARGET_NAME)";
			};
			name = Release;
		};
		92C063711AE88B85002391B9 /* Debug */ = {
			isa = XCBuildConfiguration;
			buildSettings = {
				BUNDLE_LOADER = "$(TEST_HOST)";
				FRAMEWORK_SEARCH_PATHS = (
					"$(SDKROOT)/Developer/Library/Frameworks",
					"$(inherited)",
				);
				GCC_PREPROCESSOR_DEFINITIONS = (
					"DEBUG=1",
					"$(inherited)",
				);
				INFOPLIST_FILE = LearnGitTests/Info.plist;
				LD_RUNPATH_SEARCH_PATHS = "$(inherited) @executable_path/Frameworks @loader_path/Frameworks";
				PRODUCT_NAME = "$(TARGET_NAME)";
				TEST_HOST = "$(BUILT_PRODUCTS_DIR)/LearnGit.app/LearnGit";
			};
			name = Debug;
		};
		92C063721AE88B85002391B9 /* Release */ = {
			isa = XCBuildConfiguration;
			buildSettings = {
				BUNDLE_LOADER = "$(TEST_HOST)";
				FRAMEWORK_SEARCH_PATHS = (
					"$(SDKROOT)/Developer/Library/Frameworks",
					"$(inherited)",
				);
				INFOPLIST_FILE = LearnGitTests/Info.plist;
				LD_RUNPATH_SEARCH_PATHS = "$(inherited) @executable_path/Frameworks @loader_path/Frameworks";
				PRODUCT_NAME = "$(TARGET_NAME)";
				TEST_HOST = "$(BUILT_PRODUCTS_DIR)/LearnGit.app/LearnGit";
			};
			name = Release;
		};
/* End XCBuildConfiguration section */

/* Begin XCConfigurationList section */
		92C063451AE88B84002391B9 /* Build configuration list for PBXProject "LearnGit" */ = {
			isa = XCConfigurationList;
			buildConfigurations = (
				92C0636B1AE88B85002391B9 /* Debug */,
				92C0636C1AE88B85002391B9 /* Release */,
			);
			defaultConfigurationIsVisible = 0;
			defaultConfigurationName = Release;
		};
		92C0636D1AE88B85002391B9 /* Build configuration list for PBXNativeTarget "LearnGit" */ = {
			isa = XCConfigurationList;
			buildConfigurations = (
				92C0636E1AE88B85002391B9 /* Debug */,
				92C0636F1AE88B85002391B9 /* Release */,
			);
			defaultConfigurationIsVisible = 0;
		};
		92C063701AE88B85002391B9 /* Build configuration list for PBXNativeTarget "LearnGitTests" */ = {
			isa = XCConfigurationList;
			buildConfigurations = (
				92C063711AE88B85002391B9 /* Debug */,
				92C063721AE88B85002391B9 /* Release */,
			);
			defaultConfigurationIsVisible = 0;
		};
/* End XCConfigurationList section */
	};
	rootObject = 92C063421AE88B84002391B9 /* Project object */;
}
